// !$*UTF8*$!
{
	archiveVersion = 1;
	classes = {
	};
	objectVersion = 46;
	objects = {

/* Begin PBXBuildFile section */
		D83674A81C64BF7400F0DF51 /* RegexKitLite.m in Sources */ = {isa = PBXBuildFile; fileRef = D83674A71C64BF7400F0DF51 /* RegexKitLite.m */; settings = {COMPILER_FLAGS = "-fno-objc-arc"; }; };
		D83674AA1C64BF8E00F0DF51 /* libicucore.tbd in Frameworks */ = {isa = PBXBuildFile; fileRef = D83674A91C64BF8E00F0DF51 /* libicucore.tbd */; };
		D84D9F981C60C529009946E3 /* AppDelegate.m in Sources */ = {isa = PBXBuildFile; fileRef = D84D9F971C60C529009946E3 /* AppDelegate.m */; };
		D84D9F9B1C60C529009946E3 /* main.m in Sources */ = {isa = PBXBuildFile; fileRef = D84D9F9A1C60C529009946E3 /* main.m */; };
		D84D9F9D1C60C529009946E3 /* Assets.xcassets in Resources */ = {isa = PBXBuildFile; fileRef = D84D9F9C1C60C529009946E3 /* Assets.xcassets */; };
		D84D9FA01C60C529009946E3 /* MainMenu.xib in Resources */ = {isa = PBXBuildFile; fileRef = D84D9F9E1C60C529009946E3 /* MainMenu.xib */; };
		D84D9FA91C60D129009946E3 /* XCRexWindow.m in Sources */ = {isa = PBXBuildFile; fileRef = D84D9FA81C60D129009946E3 /* XCRexWindow.m */; };
		D8D1137A1EECF1D1008ED4A7 /* NSTextView+XCRegex.m in Sources */ = {isa = PBXBuildFile; fileRef = D8D113791EECF1D1008ED4A7 /* NSTextView+XCRegex.m */; };
		D8D1137D1EECF4B7008ED4A7 /* NSString+XCEmpty.m in Sources */ = {isa = PBXBuildFile; fileRef = D8D1137C1EECF4B7008ED4A7 /* NSString+XCEmpty.m */; };
		F299500C1EE156A900FA709C /* XCHelperController.m in Sources */ = {isa = PBXBuildFile; fileRef = F299500A1EE156A900FA709C /* XCHelperController.m */; };
		F299500D1EE156A900FA709C /* XCHelperController.xib in Resources */ = {isa = PBXBuildFile; fileRef = F299500B1EE156A900FA709C /* XCHelperController.xib */; };
/* End PBXBuildFile section */

/* Begin PBXFileReference section */
		D83674A61C64BF7400F0DF51 /* RegexKitLite.h */ = {isa = PBXFileReference; fileEncoding = 4; lastKnownFileType = sourcecode.c.h; path = RegexKitLite.h; sourceTree = "<group>"; };
		D83674A71C64BF7400F0DF51 /* RegexKitLite.m */ = {isa = PBXFileReference; fileEncoding = 4; lastKnownFileType = sourcecode.c.objc; path = RegexKitLite.m; sourceTree = "<group>"; };
		D83674A91C64BF8E00F0DF51 /* libicucore.tbd */ = {isa = PBXFileReference; lastKnownFileType = "sourcecode.text-based-dylib-definition"; name = libicucore.tbd; path = usr/lib/libicucore.tbd; sourceTree = SDKROOT; };
		D84D9F931C60C529009946E3 /* XCRegex.app */ = {isa = PBXFileReference; explicitFileType = wrapper.application; includeInIndex = 0; path = XCRegex.app; sourceTree = BUILT_PRODUCTS_DIR; };
		D84D9F961C60C529009946E3 /* AppDelegate.h */ = {isa = PBXFileReference; lastKnownFileType = sourcecode.c.h; path = AppDelegate.h; sourceTree = "<group>"; };
		D84D9F971C60C529009946E3 /* AppDelegate.m */ = {isa = PBXFileReference; lastKnownFileType = sourcecode.c.objc; path = AppDelegate.m; sourceTree = "<group>"; };
		D84D9F9A1C60C529009946E3 /* main.m */ = {isa = PBXFileReference; lastKnownFileType = sourcecode.c.objc; path = main.m; sourceTree = "<group>"; };
		D84D9F9C1C60C529009946E3 /* Assets.xcassets */ = {isa = PBXFileReference; lastKnownFileType = folder.assetcatalog; path = Assets.xcassets; sourceTree = "<group>"; };
		D84D9F9F1C60C529009946E3 /* Base */ = {isa = PBXFileReference; lastKnownFileType = file.xib; name = Base; path = Base.lproj/MainMenu.xib; sourceTree = "<group>"; };
		D84D9FA11C60C529009946E3 /* Info.plist */ = {isa = PBXFileReference; lastKnownFileType = text.plist.xml; path = Info.plist; sourceTree = "<group>"; };
		D84D9FA71C60D129009946E3 /* XCRexWindow.h */ = {isa = PBXFileReference; fileEncoding = 4; lastKnownFileType = sourcecode.c.h; path = XCRexWindow.h; sourceTree = "<group>"; };
		D84D9FA81C60D129009946E3 /* XCRexWindow.m */ = {isa = PBXFileReference; fileEncoding = 4; lastKnownFileType = sourcecode.c.objc; path = XCRexWindow.m; sourceTree = "<group>"; };
		D8D113781EECF1D1008ED4A7 /* NSTextView+XCRegex.h */ = {isa = PBXFileReference; fileEncoding = 4; lastKnownFileType = sourcecode.c.h; path = "NSTextView+XCRegex.h"; sourceTree = "<group>"; };
		D8D113791EECF1D1008ED4A7 /* NSTextView+XCRegex.m */ = {isa = PBXFileReference; fileEncoding = 4; lastKnownFileType = sourcecode.c.objc; path = "NSTextView+XCRegex.m"; sourceTree = "<group>"; };
		D8D1137B1EECF4B7008ED4A7 /* NSString+XCEmpty.h */ = {isa = PBXFileReference; fileEncoding = 4; lastKnownFileType = sourcecode.c.h; path = "NSString+XCEmpty.h"; sourceTree = "<group>"; };
		D8D1137C1EECF4B7008ED4A7 /* NSString+XCEmpty.m */ = {isa = PBXFileReference; fileEncoding = 4; lastKnownFileType = sourcecode.c.objc; path = "NSString+XCEmpty.m"; sourceTree = "<group>"; };
		D8D1137E1EED0754008ED4A7 /* PrefixHeader.pch */ = {isa = PBXFileReference; lastKnownFileType = sourcecode.c.h; path = PrefixHeader.pch; sourceTree = "<group>"; };
		F29950091EE156A900FA709C /* XCHelperController.h */ = {isa = PBXFileReference; fileEncoding = 4; lastKnownFileType = sourcecode.c.h; path = XCHelperController.h; sourceTree = "<group>"; };
		F299500A1EE156A900FA709C /* XCHelperController.m */ = {isa = PBXFileReference; fileEncoding = 4; lastKnownFileType = sourcecode.c.objc; path = XCHelperController.m; sourceTree = "<group>"; };
		F299500B1EE156A900FA709C /* XCHelperController.xib */ = {isa = PBXFileReference; fileEncoding = 4; lastKnownFileType = file.xib; path = XCHelperController.xib; sourceTree = "<group>"; };
		F29D01731ECAFB1400F94054 /* XCRegex.entitlements */ = {isa = PBXFileReference; lastKnownFileType = text.plist.entitlements; path = XCRegex.entitlements; sourceTree = "<group>"; };
/* End PBXFileReference section */

/* Begin PBXFrameworksBuildPhase section */
		D84D9F901C60C529009946E3 /* Frameworks */ = {
			isa = PBXFrameworksBuildPhase;
			buildActionMask = 2147483647;
			files = (
				D83674AA1C64BF8E00F0DF51 /* libicucore.tbd in Frameworks */,
			);
			runOnlyForDeploymentPostprocessing = 0;
		};
/* End PBXFrameworksBuildPhase section */

/* Begin PBXGroup section */
		D84D9F8A1C60C529009946E3 = {
			isa = PBXGroup;
			children = (
				D84D9F951C60C529009946E3 /* XCRegex */,
				D84D9F941C60C529009946E3 /* Products */,
			);
			sourceTree = "<group>";
		};
		D84D9F941C60C529009946E3 /* Products */ = {
			isa = PBXGroup;
			children = (
				D84D9F931C60C529009946E3 /* XCRegex.app */,
			);
			name = Products;
			sourceTree = "<group>";
		};
		D84D9F951C60C529009946E3 /* XCRegex */ = {
			isa = PBXGroup;
			children = (
				D8D113771EECF1B0008ED4A7 /* Category */,
				F29D01731ECAFB1400F94054 /* XCRegex.entitlements */,
				D84D9F961C60C529009946E3 /* AppDelegate.h */,
				D84D9F971C60C529009946E3 /* AppDelegate.m */,
				D84D9FA71C60D129009946E3 /* XCRexWindow.h */,
				D84D9FA81C60D129009946E3 /* XCRexWindow.m */,
				D83674A61C64BF7400F0DF51 /* RegexKitLite.h */,
				D83674A71C64BF7400F0DF51 /* RegexKitLite.m */,
				F29950091EE156A900FA709C /* XCHelperController.h */,
				F299500A1EE156A900FA709C /* XCHelperController.m */,
				F299500B1EE156A900FA709C /* XCHelperController.xib */,
				D84D9F991C60C529009946E3 /* Supporting Files */,
			);
			path = XCRegex;
			sourceTree = "<group>";
		};
		D84D9F991C60C529009946E3 /* Supporting Files */ = {
			isa = PBXGroup;
			children = (
				D83674A91C64BF8E00F0DF51 /* libicucore.tbd */,
				D84D9F9E1C60C529009946E3 /* MainMenu.xib */,
				D84D9F9C1C60C529009946E3 /* Assets.xcassets */,
				D84D9FA11C60C529009946E3 /* Info.plist */,
				D84D9F9A1C60C529009946E3 /* main.m */,
				D8D1137E1EED0754008ED4A7 /* PrefixHeader.pch */,
			);
			name = "Supporting Files";
			sourceTree = "<group>";
		};
		D8D113771EECF1B0008ED4A7 /* Category */ = {
			isa = PBXGroup;
			children = (
				D8D113781EECF1D1008ED4A7 /* NSTextView+XCRegex.h */,
				D8D113791EECF1D1008ED4A7 /* NSTextView+XCRegex.m */,
				D8D1137B1EECF4B7008ED4A7 /* NSString+XCEmpty.h */,
				D8D1137C1EECF4B7008ED4A7 /* NSString+XCEmpty.m */,
			);
			path = Category;
			sourceTree = "<group>";
		};
/* End PBXGroup section */

/* Begin PBXNativeTarget section */
		D84D9F921C60C529009946E3 /* XCRegex */ = {
			isa = PBXNativeTarget;
			buildConfigurationList = D84D9FA41C60C529009946E3 /* Build configuration list for PBXNativeTarget "XCRegex" */;
			buildPhases = (
				D84D9F8F1C60C529009946E3 /* Sources */,
				D84D9F901C60C529009946E3 /* Frameworks */,
				D84D9F911C60C529009946E3 /* Resources */,
			);
			buildRules = (
			);
			dependencies = (
			);
			name = XCRegex;
			productName = XCRegex;
			productReference = D84D9F931C60C529009946E3 /* XCRegex.app */;
			productType = "com.apple.product-type.application";
		};
/* End PBXNativeTarget section */

/* Begin PBXProject section */
		D84D9F8B1C60C529009946E3 /* Project object */ = {
			isa = PBXProject;
			attributes = {
				LastUpgradeCheck = 0720;
				ORGANIZATIONNAME = zhidier;
				TargetAttributes = {
					D84D9F921C60C529009946E3 = {
						CreatedOnToolsVersion = 7.2;
						DevelopmentTeam = Z6P4JKNFHR;
						ProvisioningStyle = Automatic;
						SystemCapabilities = {
							com.apple.Sandbox = {
								enabled = 1;
							};
						};
					};
				};
			};
			buildConfigurationList = D84D9F8E1C60C529009946E3 /* Build configuration list for PBXProject "XCRegex" */;
			compatibilityVersion = "Xcode 3.2";
			developmentRegion = English;
			hasScannedForEncodings = 0;
			knownRegions = (
				en,
				Base,
			);
			mainGroup = D84D9F8A1C60C529009946E3;
			productRefGroup = D84D9F941C60C529009946E3 /* Products */;
			projectDirPath = "";
			projectRoot = "";
			targets = (
				D84D9F921C60C529009946E3 /* XCRegex */,
			);
		};
/* End PBXProject section */

/* Begin PBXResourcesBuildPhase section */
		D84D9F911C60C529009946E3 /* Resources */ = {
			isa = PBXResourcesBuildPhase;
			buildActionMask = 2147483647;
			files = (
				D84D9F9D1C60C529009946E3 /* Assets.xcassets in Resources */,
				F299500D1EE156A900FA709C /* XCHelperController.xib in Resources */,
				D84D9FA01C60C529009946E3 /* MainMenu.xib in Resources */,
			);
			runOnlyForDeploymentPostprocessing = 0;
		};
/* End PBXResourcesBuildPhase section */

/* Begin PBXSourcesBuildPhase section */
		D84D9F8F1C60C529009946E3 /* Sources */ = {
			isa = PBXSourcesBuildPhase;
			buildActionMask = 2147483647;
			files = (
				D84D9F9B1C60C529009946E3 /* main.m in Sources */,
				D8D1137D1EECF4B7008ED4A7 /* NSString+XCEmpty.m in Sources */,
				D84D9FA91C60D129009946E3 /* XCRexWindow.m in Sources */,
				F299500C1EE156A900FA709C /* XCHelperController.m in Sources */,
				D8D1137A1EECF1D1008ED4A7 /* NSTextView+XCRegex.m in Sources */,
				D83674A81C64BF7400F0DF51 /* RegexKitLite.m in Sources */,
				D84D9F981C60C529009946E3 /* AppDelegate.m in Sources */,
			);
			runOnlyForDeploymentPostprocessing = 0;
		};
/* End PBXSourcesBuildPhase section */

/* Begin PBXVariantGroup section */
		D84D9F9E1C60C529009946E3 /* MainMenu.xib */ = {
			isa = PBXVariantGroup;
			children = (
				D84D9F9F1C60C529009946E3 /* Base */,
			);
			name = MainMenu.xib;
			sourceTree = "<group>";
		};
/* End PBXVariantGroup section */

/* Begin XCBuildConfiguration section */
		D84D9FA21C60C529009946E3 /* Debug */ = {
			isa = XCBuildConfiguration;
			buildSettings = {
				ALWAYS_SEARCH_USER_PATHS = NO;
				CLANG_CXX_LANGUAGE_STANDARD = "gnu++0x";
				CLANG_CXX_LIBRARY = "libc++";
				CLANG_ENABLE_MODULES = YES;
				CLANG_ENABLE_OBJC_ARC = YES;
				CLANG_WARN_BOOL_CONVERSION = YES;
				CLANG_WARN_CONSTANT_CONVERSION = YES;
				CLANG_WARN_DIRECT_OBJC_ISA_USAGE = YES_ERROR;
				CLANG_WARN_EMPTY_BODY = YES;
				CLANG_WARN_ENUM_CONVERSION = YES;
				CLANG_WARN_INT_CONVERSION = YES;
				CLANG_WARN_OBJC_ROOT_CLASS = YES_ERROR;
				CLANG_WARN_UNREACHABLE_CODE = YES;
				CLANG_WARN__DUPLICATE_METHOD_MATCH = YES;
				CODE_SIGN_IDENTITY = "-";
				COPY_PHASE_STRIP = NO;
				DEBUG_INFORMATION_FORMAT = dwarf;
				ENABLE_STRICT_OBJC_MSGSEND = YES;
				ENABLE_TESTABILITY = YES;
				GCC_C_LANGUAGE_STANDARD = gnu99;
				GCC_DYNAMIC_NO_PIC = NO;
				GCC_NO_COMMON_BLOCKS = YES;
				GCC_OPTIMIZATION_LEVEL = 0;
				GCC_PREPROCESSOR_DEFINITIONS = (
					"DEBUG=1",
					"$(inherited)",
				);
				GCC_WARN_64_TO_32_BIT_CONVERSION = YES;
				GCC_WARN_ABOUT_RETURN_TYPE = YES_ERROR;
				GCC_WARN_UNDECLARED_SELECTOR = YES;
				GCC_WARN_UNINITIALIZED_AUTOS = YES_AGGRESSIVE;
				GCC_WARN_UNUSED_FUNCTION = YES;
				GCC_WARN_UNUSED_VARIABLE = YES;
				MACOSX_DEPLOYMENT_TARGET = 10.11;
				MTL_ENABLE_DEBUG_INFO = YES;
				ONLY_ACTIVE_ARCH = YES;
				SDKROOT = macosx;
			};
			name = Debug;
		};
		D84D9FA31C60C529009946E3 /* Release */ = {
			isa = XCBuildConfiguration;
			buildSettings = {
				ALWAYS_SEARCH_USER_PATHS = NO;
				CLANG_CXX_LANGUAGE_STANDARD = "gnu++0x";
				CLANG_CXX_LIBRARY = "libc++";
				CLANG_ENABLE_MODULES = YES;
				CLANG_ENABLE_OBJC_ARC = YES;
				CLANG_WARN_BOOL_CONVERSION = YES;
				CLANG_WARN_CONSTANT_CONVERSION = YES;
				CLANG_WARN_DIRECT_OBJC_ISA_USAGE = YES_ERROR;
				CLANG_WARN_EMPTY_BODY = YES;
				CLANG_WARN_ENUM_CONVERSION = YES;
				CLANG_WARN_INT_CONVERSION = YES;
				CLANG_WARN_OBJC_ROOT_CLASS = YES_ERROR;
				CLANG_WARN_UNREACHABLE_CODE = YES;
				CLANG_WARN__DUPLICATE_METHOD_MATCH = YES;
				CODE_SIGN_IDENTITY = "-";
				COPY_PHASE_STRIP = NO;
				DEBUG_INFORMATION_FORMAT = "dwarf-with-dsym";
				ENABLE_NS_ASSERTIONS = NO;
				ENABLE_STRICT_OBJC_MSGSEND = YES;
				GCC_C_LANGUAGE_STANDARD = gnu99;
				GCC_NO_COMMON_BLOCKS = YES;
				GCC_WARN_64_TO_32_BIT_CONVERSION = YES;
				GCC_WARN_ABOUT_RETURN_TYPE = YES_ERROR;
				GCC_WARN_UNDECLARED_SELECTOR = YES;
				GCC_WARN_UNINITIALIZED_AUTOS = YES_AGGRESSIVE;
				GCC_WARN_UNUSED_FUNCTION = YES;
				GCC_WARN_UNUSED_VARIABLE = YES;
				MACOSX_DEPLOYMENT_TARGET = 10.11;
				MTL_ENABLE_DEBUG_INFO = NO;
				SDKROOT = macosx;
			};
			name = Release;
		};
		D84D9FA51C60C529009946E3 /* Debug */ = {
			isa = XCBuildConfiguration;
			buildSettings = {
				ASSETCATALOG_COMPILER_APPICON_NAME = AppIcon;
				CODE_SIGN_ENTITLEMENTS = XCRegex/XCRegex.entitlements;
				CODE_SIGN_IDENTITY = "Mac Developer";
				COMBINE_HIDPI_IMAGES = YES;
				DEVELOPMENT_TEAM = Z6P4JKNFHR;
				GCC_PRECOMPILE_PREFIX_HEADER = YES;
				GCC_PREFIX_HEADER = "$(SRCROOT)/XCRegex/PrefixHeader.pch";
				INFOPLIST_FILE = XCRegex/Info.plist;
				LD_RUNPATH_SEARCH_PATHS = "$(inherited) @executable_path/../Frameworks";
				MACOSX_DEPLOYMENT_TARGET = 10.10;
				PRODUCT_BUNDLE_IDENTIFIER = cjz.zhidier.XCRegex;
				PRODUCT_NAME = "$(TARGET_NAME)";
				PROVISIONING_PROFILE_SPECIFIER = "";
			};
			name = Debug;
		};
		D84D9FA61C60C529009946E3 /* Release */ = {
			isa = XCBuildConfiguration;
			buildSettings = {
				ASSETCATALOG_COMPILER_APPICON_NAME = AppIcon;
				CODE_SIGN_ENTITLEMENTS = XCRegex/XCRegex.entitlements;
				CODE_SIGN_IDENTITY = "Mac Developer";
				COMBINE_HIDPI_IMAGES = YES;
				DEVELOPMENT_TEAM = Z6P4JKNFHR;
				GCC_PRECOMPILE_PREFIX_HEADER = YES;
				GCC_PREFIX_HEADER = "$(SRCROOT)/XCRegex/PrefixHeader.pch";
				INFOPLIST_FILE = XCRegex/Info.plist;
				LD_RUNPATH_SEARCH_PATHS = "$(inherited) @executable_path/../Frameworks";
				MACOSX_DEPLOYMENT_TARGET = 10.10;
				PRODUCT_BUNDLE_IDENTIFIER = cjz.zhidier.XCRegex;
				PRODUCT_NAME = "$(TARGET_NAME)";
				PROVISIONING_PROFILE_SPECIFIER = "";
			};
			name = Release;
		};
/* End XCBuildConfiguration section */

/* Begin XCConfigurationList section */
		D84D9F8E1C60C529009946E3 /* Build configuration list for PBXProject "XCRegex" */ = {
			isa = XCConfigurationList;
			buildConfigurations = (
				D84D9FA21C60C529009946E3 /* Debug */,
				D84D9FA31C60C529009946E3 /* Release */,
			);
			defaultConfigurationIsVisible = 0;
			defaultConfigurationName = Release;
		};
		D84D9FA41C60C529009946E3 /* Build configuration list for PBXNativeTarget "XCRegex" */ = {
			isa = XCConfigurationList;
			buildConfigurations = (
				D84D9FA51C60C529009946E3 /* Debug */,
				D84D9FA61C60C529009946E3 /* Release */,
			);
			defaultConfigurationIsVisible = 0;
			defaultConfigurationName = Release;
		};
/* End XCConfigurationList section */
	};
	rootObject = D84D9F8B1C60C529009946E3 /* Project object */;
}
